
Microsoft Visual Studio Solution File, Format Version 12.00
# Visual Studio Version 16
VisualStudioVersion = 16.0.31727.386
MinimumVisualStudioVersion = 10.0.40219.1
Project("{8BC9CEB8-8B4A-11D0-8D11-00A0C91BC942}") = "CustomerManagementApp", "CustomerManagementApp\CustomerManagementApp.vcxproj", "{4007E54E-5387-401B-85BB-B1ADBB6F92CF}"
EndProject
Project("{8BC9CEB8-8B4A-11D0-8D11-00A0C91BC942}") = "CutomerManagementAppService", "CutomerManagementAppService\CutomerManagementAppService.vcxproj", "{E9CBAB50-D0AF-47F8-BC95-5EB3A8CBEB64}"
EndProject
Global
	GlobalSection(SolutionConfigurationPlatforms) = preSolution
		Debug|ARM = Debug|ARM
		Debug|ARM64 = Debug|ARM64
		Debug|x64 = Debug|x64
		Debug|x86 = Debug|x86
		Release|ARM = Release|ARM
		Release|ARM64 = Release|ARM64
		Release|x64 = Release|x64
		Release|x86 = Release|x86
	EndGlobalSection
	GlobalSection(ProjectConfigurationPlatforms) = postSolution
		{4007E54E-5387-401B-85BB-B1ADBB6F92CF}.Debug|ARM.ActiveCfg = Debug|ARM
		{4007E54E-5387-401B-85BB-B1ADBB6F92CF}.Debug|ARM.Build.0 = Debug|ARM
		{4007E54E-5387-401B-85BB-B1ADBB6F92CF}.Debug|ARM.Deploy.0 = Debug|ARM
		{4007E54E-5387-401B-85BB-B1ADBB6F92CF}.Debug|ARM64.ActiveCfg = Debug|ARM64
		{4007E54E-5387-401B-85BB-B1ADBB6F92CF}.Debug|ARM64.Build.0 = Debug|ARM64
		{4007E54E-5387-401B-85BB-B1ADBB6F92CF}.Debug|ARM64.Deploy.0 = Debug|ARM64
		{4007E54E-5387-401B-85BB-B1ADBB6F92CF}.Debug|x64.ActiveCfg = Debug|x64
		{4007E54E-5387-401B-85BB-B1ADBB6F92CF}.Debug|x64.Build.0 = Debug|x64
		{4007E54E-5387-401B-85BB-B1ADBB6F92CF}.Debug|x64.Deploy.0 = Debug|x64
		{4007E54E-5387-401B-85BB-B1ADBB6F92CF}.Debug|x86.ActiveCfg = Debug|Win32
		{4007E54E-5387-401B-85BB-B1ADBB6F92CF}.Debug|x86.Build.0 = Debug|Win32
		{4007E54E-5387-401B-85BB-B1ADBB6F92CF}.Debug|x86.Deploy.0 = Debug|Win32
		{4007E54E-5387-401B-85BB-B1ADBB6F92CF}.Release|ARM.ActiveCfg = Release|ARM
		{4007E54E-5387-401B-85BB-B1ADBB6F92CF}.Release|ARM.Build.0 = Release|ARM
		{4007E54E-5387-401B-85BB-B1ADBB6F92CF}.Release|ARM.Deploy.0 = Release|ARM
		{4007E54E-5387-401B-85BB-B1ADBB6F92CF}.Release|ARM64.ActiveCfg = Release|ARM64
		{4007E54E-5387-401B-85BB-B1ADBB6F92CF}.Release|ARM64.Build.0 = Release|ARM64
		{4007E54E-5387-401B-85BB-B1ADBB6F92CF}.Release|ARM64.Deploy.0 = Release|ARM64
		{4007E54E-5387-401B-85BB-B1ADBB6F92CF}.Release|x64.ActiveCfg = Release|x64
		{4007E54E-5387-401B-85BB-B1ADBB6F92CF}.Release|x64.Build.0 = Release|x64
		{4007E54E-5387-401B-85BB-B1ADBB6F92CF}.Release|x64.Deploy.0 = Release|x64
		{4007E54E-5387-401B-85BB-B1ADBB6F92CF}.Release|x86.ActiveCfg = Release|Win32
		{4007E54E-5387-401B-85BB-B1ADBB6F92CF}.Release|x86.Build.0 = Release|Win32
		{4007E54E-5387-401B-85BB-B1ADBB6F92CF}.Release|x86.Deploy.0 = Release|Win32
		{E9CBAB50-D0AF-47F8-BC95-5EB3A8CBEB64}.Debug|ARM.ActiveCfg = Debug|Win32
		{E9CBAB50-D0AF-47F8-BC95-5EB3A8CBEB64}.Debug|ARM64.ActiveCfg = Debug|Win32
		{E9CBAB50-D0AF-47F8-BC95-5EB3A8CBEB64}.Debug|x64.ActiveCfg = Debug|x64
		{E9CBAB50-D0AF-47F8-BC95-5EB3A8CBEB64}.Debug|x64.Build.0 = Debug|x64
		{E9CBAB50-D0AF-47F8-BC95-5EB3A8CBEB64}.Debug|x86.ActiveCfg = Debug|Win32
		{E9CBAB50-D0AF-47F8-BC95-5EB3A8CBEB64}.Debug|x86.Build.0 = Debug|Win32
		{E9CBAB50-D0AF-47F8-BC95-5EB3A8CBEB64}.Release|ARM.ActiveCfg = Release|Win32
		{E9CBAB50-D0AF-47F8-BC95-5EB3A8CBEB64}.Release|ARM64.ActiveCfg = Release|Win32
		{E9CBAB50-D0AF-47F8-BC95-5EB3A8CBEB64}.Release|x64.ActiveCfg = Release|x64
		{E9CBAB50-D0AF-47F8-BC95-5EB3A8CBEB64}.Release|x64.Build.0 = Release|x64
		{E9CBAB50-D0AF-47F8-BC95-5EB3A8CBEB64}.Release|x86.ActiveCfg = Release|Win32
		{E9CBAB50-D0AF-47F8-BC95-5EB3A8CBEB64}.Release|x86.Build.0 = Release|Win32
	EndGlobalSection
	GlobalSection(SolutionProperties) = preSolution
		HideSolutionNode = FALSE
	EndGlobalSection
	GlobalSection(ExtensibilityGlobals) = postSolution
		SolutionGuid = {DF8CF6D0-159C-4543-A667-C8B09AA91621}
	EndGlobalSection
EndGlobal
